// !$*UTF8*$!
{
	archiveVersion = 1;
	classes = {
	};
	objectVersion = 63;
	objects = {

/* Begin PBXBuildFile section */
		D65350292CEC3F1600349FFB /* Assets.xcassets in Resources */ = {isa = PBXBuildFile; fileRef = D65350232CEC3F1600349FFB /* Assets.xcassets */; };
		D653502B2CEC3F1600349FFB /* LaunchScreen.storyboard in Resources */ = {isa = PBXBuildFile; fileRef = D65350262CEC3F1600349FFB /* LaunchScreen.storyboard */; };
		D653502C2CEC3F1600349FFB /* NetworkService.swift in Sources */ = {isa = PBXBuildFile; fileRef = D65350122CEC3F1600349FFB /* NetworkService.swift */; };
		D653502D2CEC3F1600349FFB /* UIColor+Extention.swift in Sources */ = {isa = PBXBuildFile; fileRef = D65350132CEC3F1600349FFB /* UIColor+Extention.swift */; };
		D653502E2CEC3F1600349FFB /* Holding.swift in Sources */ = {isa = PBXBuildFile; fileRef = D65350152CEC3F1600349FFB /* Holding.swift */; };
		D653502F2CEC3F1600349FFB /* Holdings+Formating.swift in Sources */ = {isa = PBXBuildFile; fileRef = D65350162CEC3F1600349FFB /* Holdings+Formating.swift */; };
		D65350302CEC3F1600349FFB /* HoldingsResponse.swift in Sources */ = {isa = PBXBuildFile; fileRef = D65350172CEC3F1600349FFB /* HoldingsResponse.swift */; };
		D65350312CEC3F1600349FFB /* Portfolio.swift in Sources */ = {isa = PBXBuildFile; fileRef = D65350182CEC3F1600349FFB /* Portfolio.swift */; };
		D65350322CEC3F1600349FFB /* HoldingsService.swift in Sources */ = {isa = PBXBuildFile; fileRef = D653501A2CEC3F1600349FFB /* HoldingsService.swift */; };
		D65350332CEC3F1600349FFB /* HoldingsViewModel.swift in Sources */ = {isa = PBXBuildFile; fileRef = D653501C2CEC3F1600349FFB /* HoldingsViewModel.swift */; };
		D65350342CEC3F1600349FFB /* HoldingsViewController.swift in Sources */ = {isa = PBXBuildFile; fileRef = D653501E2CEC3F1600349FFB /* HoldingsViewController.swift */; };
		D65350352CEC3F1600349FFB /* PortfolioSummaryBottomSheetView.swift in Sources */ = {isa = PBXBuildFile; fileRef = D653501F2CEC3F1600349FFB /* PortfolioSummaryBottomSheetView.swift */; };
		D65350362CEC3F1600349FFB /* StocksDescriptionTableViewCell.swift in Sources */ = {isa = PBXBuildFile; fileRef = D65350202CEC3F1600349FFB /* StocksDescriptionTableViewCell.swift */; };
		D65350372CEC3F1600349FFB /* AppDelegate.swift in Sources */ = {isa = PBXBuildFile; fileRef = D65350222CEC3F1600349FFB /* AppDelegate.swift */; };
		D65350382CEC3F1600349FFB /* SceneDelegate.swift in Sources */ = {isa = PBXBuildFile; fileRef = D65350272CEC3F1600349FFB /* SceneDelegate.swift */; };
		D65350422CEC3F1B00349FFB /* MockHoldingsService.swift in Sources */ = {isa = PBXBuildFile; fileRef = D65350392CEC3F1B00349FFB /* MockHoldingsService.swift */; };
		D65350432CEC3F1B00349FFB /* MockNetworkService.swift in Sources */ = {isa = PBXBuildFile; fileRef = D653503A2CEC3F1B00349FFB /* MockNetworkService.swift */; };
		D65350442CEC3F1B00349FFB /* BottomSheetViewTests.swift in Sources */ = {isa = PBXBuildFile; fileRef = D653503C2CEC3F1B00349FFB /* BottomSheetViewTests.swift */; };
		D65350452CEC3F1B00349FFB /* HoldingsServiceTests.swift in Sources */ = {isa = PBXBuildFile; fileRef = D653503D2CEC3F1B00349FFB /* HoldingsServiceTests.swift */; };
		D65350462CEC3F1B00349FFB /* HoldingsViewModelTests.swift in Sources */ = {isa = PBXBuildFile; fileRef = D653503E2CEC3F1B00349FFB /* HoldingsViewModelTests.swift */; };
		D65350472CEC3F1B00349FFB /* HoldingTests.swift in Sources */ = {isa = PBXBuildFile; fileRef = D653503F2CEC3F1B00349FFB /* HoldingTests.swift */; };
		D65350482CEC3F1B00349FFB /* StocksDescriptionViewTests.swift in Sources */ = {isa = PBXBuildFile; fileRef = D65350402CEC3F1B00349FFB /* StocksDescriptionViewTests.swift */; };
/* End PBXBuildFile section */

/* Begin PBXContainerItemProxy section */
		D6793F392CE7BC27006D0ACF /* PBXContainerItemProxy */ = {
			isa = PBXContainerItemProxy;
			containerPortal = D6793F1A2CE7BC26006D0ACF /* Project object */;
			proxyType = 1;
			remoteGlobalIDString = D6793F212CE7BC26006D0ACF;
			remoteInfo = "Stock Portfolio";
		};
/* End PBXContainerItemProxy section */

/* Begin PBXFileReference section */
		D65350122CEC3F1600349FFB /* NetworkService.swift */ = {isa = PBXFileReference; lastKnownFileType = sourcecode.swift; path = NetworkService.swift; sourceTree = "<group>"; };
		D65350132CEC3F1600349FFB /* UIColor+Extention.swift */ = {isa = PBXFileReference; lastKnownFileType = sourcecode.swift; path = "UIColor+Extention.swift"; sourceTree = "<group>"; };
		D65350152CEC3F1600349FFB /* Holding.swift */ = {isa = PBXFileReference; lastKnownFileType = sourcecode.swift; path = Holding.swift; sourceTree = "<group>"; };
		D65350162CEC3F1600349FFB /* Holdings+Formating.swift */ = {isa = PBXFileReference; lastKnownFileType = sourcecode.swift; path = "Holdings+Formating.swift"; sourceTree = "<group>"; };
		D65350172CEC3F1600349FFB /* HoldingsResponse.swift */ = {isa = PBXFileReference; lastKnownFileType = sourcecode.swift; path = HoldingsResponse.swift; sourceTree = "<group>"; };
		D65350182CEC3F1600349FFB /* Portfolio.swift */ = {isa = PBXFileReference; lastKnownFileType = sourcecode.swift; path = Portfolio.swift; sourceTree = "<group>"; };
		D653501A2CEC3F1600349FFB /* HoldingsService.swift */ = {isa = PBXFileReference; lastKnownFileType = sourcecode.swift; path = HoldingsService.swift; sourceTree = "<group>"; };
		D653501C2CEC3F1600349FFB /* HoldingsViewModel.swift */ = {isa = PBXFileReference; lastKnownFileType = sourcecode.swift; path = HoldingsViewModel.swift; sourceTree = "<group>"; };
		D653501E2CEC3F1600349FFB /* HoldingsViewController.swift */ = {isa = PBXFileReference; lastKnownFileType = sourcecode.swift; path = HoldingsViewController.swift; sourceTree = "<group>"; };
		D653501F2CEC3F1600349FFB /* PortfolioSummaryBottomSheetView.swift */ = {isa = PBXFileReference; lastKnownFileType = sourcecode.swift; path = PortfolioSummaryBottomSheetView.swift; sourceTree = "<group>"; };
		D65350202CEC3F1600349FFB /* StocksDescriptionTableViewCell.swift */ = {isa = PBXFileReference; lastKnownFileType = sourcecode.swift; path = StocksDescriptionTableViewCell.swift; sourceTree = "<group>"; };
		D65350222CEC3F1600349FFB /* AppDelegate.swift */ = {isa = PBXFileReference; lastKnownFileType = sourcecode.swift; path = AppDelegate.swift; sourceTree = "<group>"; };
		D65350232CEC3F1600349FFB /* Assets.xcassets */ = {isa = PBXFileReference; lastKnownFileType = folder.assetcatalog; path = Assets.xcassets; sourceTree = "<group>"; };
		D65350242CEC3F1600349FFB /* Info.plist */ = {isa = PBXFileReference; lastKnownFileType = text.plist.xml; path = Info.plist; sourceTree = "<group>"; };
		D65350252CEC3F1600349FFB /* Base */ = {isa = PBXFileReference; lastKnownFileType = file.storyboard; name = Base; path = Base.lproj/LaunchScreen.storyboard; sourceTree = "<group>"; };
		D65350272CEC3F1600349FFB /* SceneDelegate.swift */ = {isa = PBXFileReference; lastKnownFileType = sourcecode.swift; path = SceneDelegate.swift; sourceTree = "<group>"; };
		D65350392CEC3F1B00349FFB /* MockHoldingsService.swift */ = {isa = PBXFileReference; lastKnownFileType = sourcecode.swift; path = MockHoldingsService.swift; sourceTree = "<group>"; };
		D653503A2CEC3F1B00349FFB /* MockNetworkService.swift */ = {isa = PBXFileReference; lastKnownFileType = sourcecode.swift; path = MockNetworkService.swift; sourceTree = "<group>"; };
		D653503C2CEC3F1B00349FFB /* BottomSheetViewTests.swift */ = {isa = PBXFileReference; lastKnownFileType = sourcecode.swift; path = BottomSheetViewTests.swift; sourceTree = "<group>"; };
		D653503D2CEC3F1B00349FFB /* HoldingsServiceTests.swift */ = {isa = PBXFileReference; lastKnownFileType = sourcecode.swift; path = HoldingsServiceTests.swift; sourceTree = "<group>"; };
		D653503E2CEC3F1B00349FFB /* HoldingsViewModelTests.swift */ = {isa = PBXFileReference; lastKnownFileType = sourcecode.swift; path = HoldingsViewModelTests.swift; sourceTree = "<group>"; };
		D653503F2CEC3F1B00349FFB /* HoldingTests.swift */ = {isa = PBXFileReference; lastKnownFileType = sourcecode.swift; path = HoldingTests.swift; sourceTree = "<group>"; };
		D65350402CEC3F1B00349FFB /* StocksDescriptionViewTests.swift */ = {isa = PBXFileReference; lastKnownFileType = sourcecode.swift; path = StocksDescriptionViewTests.swift; sourceTree = "<group>"; };
		D6793F222CE7BC26006D0ACF /* Stock_Portfolio.app */ = {isa = PBXFileReference; explicitFileType = wrapper.application; includeInIndex = 0; path = Stock_Portfolio.app; sourceTree = BUILT_PRODUCTS_DIR; };
		D6793F382CE7BC27006D0ACF /* Stock_PortfolioTests.xctest */ = {isa = PBXFileReference; explicitFileType = wrapper.cfbundle; includeInIndex = 0; path = Stock_PortfolioTests.xctest; sourceTree = BUILT_PRODUCTS_DIR; };
/* End PBXFileReference section */

/* Begin PBXFrameworksBuildPhase section */
		D6793F1F2CE7BC26006D0ACF /* Frameworks */ = {
			isa = PBXFrameworksBuildPhase;
			buildActionMask = 2147483647;
			files = (
			);
			runOnlyForDeploymentPostprocessing = 0;
		};
		D6793F352CE7BC27006D0ACF /* Frameworks */ = {
			isa = PBXFrameworksBuildPhase;
			buildActionMask = 2147483647;
			files = (
			);
			runOnlyForDeploymentPostprocessing = 0;
		};
/* End PBXFrameworksBuildPhase section */

/* Begin PBXGroup section */
		D65350142CEC3F1600349FFB /* Infra */ = {
			isa = PBXGroup;
			children = (
				D65350122CEC3F1600349FFB /* NetworkService.swift */,
				D65350132CEC3F1600349FFB /* UIColor+Extention.swift */,
			);
			path = Infra;
			sourceTree = "<group>";
		};
		D65350192CEC3F1600349FFB /* Models */ = {
			isa = PBXGroup;
			children = (
				D65350152CEC3F1600349FFB /* Holding.swift */,
				D65350162CEC3F1600349FFB /* Holdings+Formating.swift */,
				D65350172CEC3F1600349FFB /* HoldingsResponse.swift */,
				D65350182CEC3F1600349FFB /* Portfolio.swift */,
			);
			path = Models;
			sourceTree = "<group>";
		};
		D653501B2CEC3F1600349FFB /* Services */ = {
			isa = PBXGroup;
			children = (
				D653501A2CEC3F1600349FFB /* HoldingsService.swift */,
			);
			path = Services;
			sourceTree = "<group>";
		};
		D653501D2CEC3F1600349FFB /* ViewModels */ = {
			isa = PBXGroup;
			children = (
				D653501C2CEC3F1600349FFB /* HoldingsViewModel.swift */,
			);
			path = ViewModels;
			sourceTree = "<group>";
		};
		D65350212CEC3F1600349FFB /* Views */ = {
			isa = PBXGroup;
			children = (
				D653501E2CEC3F1600349FFB /* HoldingsViewController.swift */,
				D653501F2CEC3F1600349FFB /* PortfolioSummaryBottomSheetView.swift */,
				D65350202CEC3F1600349FFB /* StocksDescriptionTableViewCell.swift */,
			);
			path = Views;
			sourceTree = "<group>";
		};
		D65350282CEC3F1600349FFB /* Stock_Portfolio */ = {
			isa = PBXGroup;
			children = (
				D65350142CEC3F1600349FFB /* Infra */,
				D65350192CEC3F1600349FFB /* Models */,
				D653501B2CEC3F1600349FFB /* Services */,
				D653501D2CEC3F1600349FFB /* ViewModels */,
				D65350212CEC3F1600349FFB /* Views */,
				D65350222CEC3F1600349FFB /* AppDelegate.swift */,
				D65350272CEC3F1600349FFB /* SceneDelegate.swift */,
				D65350232CEC3F1600349FFB /* Assets.xcassets */,
				D65350242CEC3F1600349FFB /* Info.plist */,
				D65350262CEC3F1600349FFB /* LaunchScreen.storyboard */,
			);
			path = Stock_Portfolio;
			sourceTree = "<group>";
		};
		D653503B2CEC3F1B00349FFB /* Mocks */ = {
			isa = PBXGroup;
			children = (
				D65350392CEC3F1B00349FFB /* MockHoldingsService.swift */,
				D653503A2CEC3F1B00349FFB /* MockNetworkService.swift */,
			);
			path = Mocks;
			sourceTree = "<group>";
		};
		D65350412CEC3F1B00349FFB /* Stock_PortfolioTests */ = {
			isa = PBXGroup;
			children = (
				D653503B2CEC3F1B00349FFB /* Mocks */,
				D653503C2CEC3F1B00349FFB /* BottomSheetViewTests.swift */,
				D653503D2CEC3F1B00349FFB /* HoldingsServiceTests.swift */,
				D653503E2CEC3F1B00349FFB /* HoldingsViewModelTests.swift */,
				D653503F2CEC3F1B00349FFB /* HoldingTests.swift */,
				D65350402CEC3F1B00349FFB /* StocksDescriptionViewTests.swift */,
			);
			path = Stock_PortfolioTests;
			sourceTree = "<group>";
		};
		D6793F192CE7BC26006D0ACF = {
			isa = PBXGroup;
			children = (
				D65350282CEC3F1600349FFB /* Stock_Portfolio */,
				D65350412CEC3F1B00349FFB /* Stock_PortfolioTests */,
				D6793F232CE7BC26006D0ACF /* Products */,
			);
			sourceTree = "<group>";
		};
		D6793F232CE7BC26006D0ACF /* Products */ = {
			isa = PBXGroup;
			children = (
				D6793F222CE7BC26006D0ACF /* Stock_Portfolio.app */,
				D6793F382CE7BC27006D0ACF /* Stock_PortfolioTests.xctest */,
			);
			name = Products;
			sourceTree = "<group>";
		};
/* End PBXGroup section */

/* Begin PBXNativeTarget section */
		D6793F212CE7BC26006D0ACF /* Stock_Portfolio */ = {
			isa = PBXNativeTarget;
			buildConfigurationList = D6793F4B2CE7BC27006D0ACF /* Build configuration list for PBXNativeTarget "Stock_Portfolio" */;
			buildPhases = (
				D6793F1E2CE7BC26006D0ACF /* Sources */,
				D6793F1F2CE7BC26006D0ACF /* Frameworks */,
				D6793F202CE7BC26006D0ACF /* Resources */,
			);
			buildRules = (
			);
			dependencies = (
			);
			name = Stock_Portfolio;
			packageProductDependencies = (
			);
			productName = "Stock Portfolio";
			productReference = D6793F222CE7BC26006D0ACF /* Stock_Portfolio.app */;
			productType = "com.apple.product-type.application";
		};
		D6793F372CE7BC27006D0ACF /* Stock_PortfolioTests */ = {
			isa = PBXNativeTarget;
			buildConfigurationList = D6793F502CE7BC27006D0ACF /* Build configuration list for PBXNativeTarget "Stock_PortfolioTests" */;
			buildPhases = (
				D6793F342CE7BC27006D0ACF /* Sources */,
				D6793F352CE7BC27006D0ACF /* Frameworks */,
				D6793F362CE7BC27006D0ACF /* Resources */,
			);
			buildRules = (
			);
			dependencies = (
				D6793F3A2CE7BC27006D0ACF /* PBXTargetDependency */,
			);
			name = Stock_PortfolioTests;
			packageProductDependencies = (
			);
			productName = "Stock PortfolioTests";
			productReference = D6793F382CE7BC27006D0ACF /* Stock_PortfolioTests.xctest */;
			productType = "com.apple.product-type.bundle.unit-test";
		};
/* End PBXNativeTarget section */

/* Begin PBXProject section */
		D6793F1A2CE7BC26006D0ACF /* Project object */ = {
			isa = PBXProject;
			attributes = {
				BuildIndependentTargetsInParallel = 1;
				LastSwiftUpdateCheck = 1610;
				LastUpgradeCheck = 1610;
				TargetAttributes = {
					D6793F212CE7BC26006D0ACF = {
						CreatedOnToolsVersion = 16.1;
					};
					D6793F372CE7BC27006D0ACF = {
						CreatedOnToolsVersion = 16.1;
						TestTargetID = D6793F212CE7BC26006D0ACF;
					};
				};
			};
			buildConfigurationList = D6793F1D2CE7BC26006D0ACF /* Build configuration list for PBXProject "Stock_Portfolio" */;
			compatibilityVersion = "Xcode 15.0";
			developmentRegion = en;
			hasScannedForEncodings = 0;
			knownRegions = (
				en,
				Base,
			);
			mainGroup = D6793F192CE7BC26006D0ACF;
			minimizedProjectReferenceProxies = 1;
			productRefGroup = D6793F232CE7BC26006D0ACF /* Products */;
			projectDirPath = "";
			projectRoot = "";
			targets = (
				D6793F212CE7BC26006D0ACF /* Stock_Portfolio */,
				D6793F372CE7BC27006D0ACF /* Stock_PortfolioTests */,
			);
		};
/* End PBXProject section */

/* Begin PBXResourcesBuildPhase section */
		D6793F202CE7BC26006D0ACF /* Resources */ = {
			isa = PBXResourcesBuildPhase;
			buildActionMask = 2147483647;
			files = (
				D65350292CEC3F1600349FFB /* Assets.xcassets in Resources */,
				D653502B2CEC3F1600349FFB /* LaunchScreen.storyboard in Resources */,
			);
			runOnlyForDeploymentPostprocessing = 0;
		};
		D6793F362CE7BC27006D0ACF /* Resources */ = {
			isa = PBXResourcesBuildPhase;
			buildActionMask = 2147483647;
			files = (
			);
			runOnlyForDeploymentPostprocessing = 0;
		};
/* End PBXResourcesBuildPhase section */

/* Begin PBXSourcesBuildPhase section */
		D6793F1E2CE7BC26006D0ACF /* Sources */ = {
			isa = PBXSourcesBuildPhase;
			buildActionMask = 2147483647;
			files = (
				D653502C2CEC3F1600349FFB /* NetworkService.swift in Sources */,
				D653502D2CEC3F1600349FFB /* UIColor+Extention.swift in Sources */,
				D653502E2CEC3F1600349FFB /* Holding.swift in Sources */,
				D653502F2CEC3F1600349FFB /* Holdings+Formating.swift in Sources */,
				D65350302CEC3F1600349FFB /* HoldingsResponse.swift in Sources */,
				D65350312CEC3F1600349FFB /* Portfolio.swift in Sources */,
				D65350322CEC3F1600349FFB /* HoldingsService.swift in Sources */,
				D65350332CEC3F1600349FFB /* HoldingsViewModel.swift in Sources */,
				D65350342CEC3F1600349FFB /* HoldingsViewController.swift in Sources */,
				D65350352CEC3F1600349FFB /* PortfolioSummaryBottomSheetView.swift in Sources */,
				D65350362CEC3F1600349FFB /* StocksDescriptionTableViewCell.swift in Sources */,
				D65350372CEC3F1600349FFB /* AppDelegate.swift in Sources */,
				D65350382CEC3F1600349FFB /* SceneDelegate.swift in Sources */,
			);
			runOnlyForDeploymentPostprocessing = 0;
		};
		D6793F342CE7BC27006D0ACF /* Sources */ = {
			isa = PBXSourcesBuildPhase;
			buildActionMask = 2147483647;
			files = (
				D65350422CEC3F1B00349FFB /* MockHoldingsService.swift in Sources */,
				D65350432CEC3F1B00349FFB /* MockNetworkService.swift in Sources */,
				D65350442CEC3F1B00349FFB /* BottomSheetViewTests.swift in Sources */,
				D65350452CEC3F1B00349FFB /* HoldingsServiceTests.swift in Sources */,
				D65350462CEC3F1B00349FFB /* HoldingsViewModelTests.swift in Sources */,
				D65350472CEC3F1B00349FFB /* HoldingTests.swift in Sources */,
				D65350482CEC3F1B00349FFB /* StocksDescriptionViewTests.swift in Sources */,
			);
			runOnlyForDeploymentPostprocessing = 0;
		};
/* End PBXSourcesBuildPhase section */

/* Begin PBXTargetDependency section */
		D6793F3A2CE7BC27006D0ACF /* PBXTargetDependency */ = {
			isa = PBXTargetDependency;
			target = D6793F212CE7BC26006D0ACF /* Stock_Portfolio */;
			targetProxy = D6793F392CE7BC27006D0ACF /* PBXContainerItemProxy */;
		};
/* End PBXTargetDependency section */

/* Begin PBXVariantGroup section */
		D65350262CEC3F1600349FFB /* LaunchScreen.storyboard */ = {
			isa = PBXVariantGroup;
			children = (
				D65350252CEC3F1600349FFB /* Base */,
			);
			name = LaunchScreen.storyboard;
			sourceTree = "<group>";
		};
/* End PBXVariantGroup section */

/* Begin XCBuildConfiguration section */
		D6793F4C2CE7BC27006D0ACF /* Debug */ = {
			isa = XCBuildConfiguration;
			buildSettings = {
				ASSETCATALOG_COMPILER_APPICON_NAME = AppIcon;
				ASSETCATALOG_COMPILER_GLOBAL_ACCENT_COLOR_NAME = AccentColor;
				CODE_SIGN_IDENTITY = "Apple Development";
				CODE_SIGN_STYLE = Automatic;
				CURRENT_PROJECT_VERSION = 1;
				DEVELOPMENT_TEAM = TV6978Q83R;
				GENERATE_INFOPLIST_FILE = YES;
				INFOPLIST_FILE = Stock_Portfolio/Info.plist;
				INFOPLIST_KEY_CFBundleDisplayName = "Stock Portfolio";
				INFOPLIST_KEY_LSApplicationCategoryType = "public.app-category.finance";
				INFOPLIST_KEY_UIApplicationSupportsIndirectInputEvents = YES;
				INFOPLIST_KEY_UILaunchStoryboardName = LaunchScreen;
				INFOPLIST_KEY_UISupportedInterfaceOrientations_iPad = "UIInterfaceOrientationPortrait UIInterfaceOrientationPortraitUpsideDown UIInterfaceOrientationLandscapeLeft UIInterfaceOrientationLandscapeRight";
				INFOPLIST_KEY_UISupportedInterfaceOrientations_iPhone = "UIInterfaceOrientationPortrait UIInterfaceOrientationLandscapeLeft UIInterfaceOrientationLandscapeRight";
				IPHONEOS_DEPLOYMENT_TARGET = 17;
				LD_RUNPATH_SEARCH_PATHS = (
					"$(inherited)",
					"@executable_path/Frameworks",
				);
				MARKETING_VERSION = 1.0;
				PRODUCT_BUNDLE_IDENTIFIER = com.horizonind.test;
				PRODUCT_NAME = "$(TARGET_NAME)";
				PROVISIONING_PROFILE_SPECIFIER = "";
				SWIFT_EMIT_LOC_STRINGS = YES;
				SWIFT_VERSION = 5.0;
				TARGETED_DEVICE_FAMILY = "1,2";
			};
			name = Debug;
		};
		D6793F4D2CE7BC27006D0ACF /* Release */ = {
			isa = XCBuildConfiguration;
			buildSettings = {
				ASSETCATALOG_COMPILER_APPICON_NAME = AppIcon;
				ASSETCATALOG_COMPILER_GLOBAL_ACCENT_COLOR_NAME = AccentColor;
				CODE_SIGN_IDENTITY = "Apple Development";
				CODE_SIGN_STYLE = Automatic;
				CURRENT_PROJECT_VERSION = 1;
				DEVELOPMENT_TEAM = TV6978Q83R;
				GENERATE_INFOPLIST_FILE = YES;
				INFOPLIST_FILE = Stock_Portfolio/Info.plist;
				INFOPLIST_KEY_CFBundleDisplayName = "Stock Portfolio";
				INFOPLIST_KEY_LSApplicationCategoryType = "public.app-category.finance";
				INFOPLIST_KEY_UIApplicationSupportsIndirectInputEvents = YES;
				INFOPLIST_KEY_UILaunchStoryboardName = LaunchScreen;
				INFOPLIST_KEY_UISupportedInterfaceOrientations_iPad = "UIInterfaceOrientationPortrait UIInterfaceOrientationPortraitUpsideDown UIInterfaceOrientationLandscapeLeft UIInterfaceOrientationLandscapeRight";
				INFOPLIST_KEY_UISupportedInterfaceOrientations_iPhone = "UIInterfaceOrientationPortrait UIInterfaceOrientationLandscapeLeft UIInterfaceOrientationLandscapeRight";
				IPHONEOS_DEPLOYMENT_TARGET = 17;
				LD_RUNPATH_SEARCH_PATHS = (
					"$(inherited)",
					"@executable_path/Frameworks",
				);
				MARKETING_VERSION = 1.0;
				PRODUCT_BUNDLE_IDENTIFIER = com.horizonind.test;
				PRODUCT_NAME = "$(TARGET_NAME)";
				PROVISIONING_PROFILE_SPECIFIER = "";
				SWIFT_EMIT_LOC_STRINGS = YES;
				SWIFT_VERSION = 5.0;
				TARGETED_DEVICE_FAMILY = "1,2";
			};
			name = Release;
		};
		D6793F4E2CE7BC27006D0ACF /* Debug */ = {
			isa = XCBuildConfiguration;
			buildSettings = {
				ALWAYS_SEARCH_USER_PATHS = NO;
				ASSETCATALOG_COMPILER_GENERATE_SWIFT_ASSET_SYMBOL_EXTENSIONS = YES;
				CLANG_ANALYZER_NONNULL = YES;
				CLANG_ANALYZER_NUMBER_OBJECT_CONVERSION = YES_AGGRESSIVE;
				CLANG_CXX_LANGUAGE_STANDARD = "gnu++20";
				CLANG_ENABLE_MODULES = YES;
				CLANG_ENABLE_OBJC_ARC = YES;
				CLANG_ENABLE_OBJC_WEAK = YES;
				CLANG_WARN_BLOCK_CAPTURE_AUTORELEASING = YES;
				CLANG_WARN_BOOL_CONVERSION = YES;
				CLANG_WARN_COMMA = YES;
				CLANG_WARN_CONSTANT_CONVERSION = YES;
				CLANG_WARN_DEPRECATED_OBJC_IMPLEMENTATIONS = YES;
				CLANG_WARN_DIRECT_OBJC_ISA_USAGE = YES_ERROR;
				CLANG_WARN_DOCUMENTATION_COMMENTS = YES;
				CLANG_WARN_EMPTY_BODY = YES;
				CLANG_WARN_ENUM_CONVERSION = YES;
				CLANG_WARN_INFINITE_RECURSION = YES;
				CLANG_WARN_INT_CONVERSION = YES;
				CLANG_WARN_NON_LITERAL_NULL_CONVERSION = YES;
				CLANG_WARN_OBJC_IMPLICIT_RETAIN_SELF = YES;
				CLANG_WARN_OBJC_LITERAL_CONVERSION = YES;
				CLANG_WARN_OBJC_ROOT_CLASS = YES_ERROR;
				CLANG_WARN_QUOTED_INCLUDE_IN_FRAMEWORK_HEADER = YES;
				CLANG_WARN_RANGE_LOOP_ANALYSIS = YES;
				CLANG_WARN_STRICT_PROTOTYPES = YES;
				CLANG_WARN_SUSPICIOUS_MOVE = YES;
				CLANG_WARN_UNGUARDED_AVAILABILITY = YES_AGGRESSIVE;
				CLANG_WARN_UNREACHABLE_CODE = YES;
				CLANG_WARN__DUPLICATE_METHOD_MATCH = YES;
				COPY_PHASE_STRIP = NO;
				DEBUG_INFORMATION_FORMAT = dwarf;
				ENABLE_STRICT_OBJC_MSGSEND = YES;
				ENABLE_TESTABILITY = YES;
				ENABLE_USER_SCRIPT_SANDBOXING = YES;
				GCC_C_LANGUAGE_STANDARD = gnu17;
				GCC_DYNAMIC_NO_PIC = NO;
				GCC_NO_COMMON_BLOCKS = YES;
				GCC_OPTIMIZATION_LEVEL = 0;
				GCC_PREPROCESSOR_DEFINITIONS = (
					"DEBUG=1",
					"$(inherited)",
				);
				GCC_WARN_64_TO_32_BIT_CONVERSION = YES;
				GCC_WARN_ABOUT_RETURN_TYPE = YES_ERROR;
				GCC_WARN_UNDECLARED_SELECTOR = YES;
				GCC_WARN_UNINITIALIZED_AUTOS = YES_AGGRESSIVE;
				GCC_WARN_UNUSED_FUNCTION = YES;
				GCC_WARN_UNUSED_VARIABLE = YES;
				IPHONEOS_DEPLOYMENT_TARGET = 18.1;
				LOCALIZATION_PREFERS_STRING_CATALOGS = YES;
				MTL_ENABLE_DEBUG_INFO = INCLUDE_SOURCE;
				MTL_FAST_MATH = YES;
				ONLY_ACTIVE_ARCH = YES;
				SDKROOT = iphoneos;
				SWIFT_ACTIVE_COMPILATION_CONDITIONS = "DEBUG $(inherited)";
				SWIFT_OPTIMIZATION_LEVEL = "-Onone";
			};
			name = Debug;
		};
		D6793F4F2CE7BC27006D0ACF /* Release */ = {
			isa = XCBuildConfiguration;
			buildSettings = {
				ALWAYS_SEARCH_USER_PATHS = NO;
				ASSETCATALOG_COMPILER_GENERATE_SWIFT_ASSET_SYMBOL_EXTENSIONS = YES;
				CLANG_ANALYZER_NONNULL = YES;
				CLANG_ANALYZER_NUMBER_OBJECT_CONVERSION = YES_AGGRESSIVE;
				CLANG_CXX_LANGUAGE_STANDARD = "gnu++20";
				CLANG_ENABLE_MODULES = YES;
				CLANG_ENABLE_OBJC_ARC = YES;
				CLANG_ENABLE_OBJC_WEAK = YES;
				CLANG_WARN_BLOCK_CAPTURE_AUTORELEASING = YES;
				CLANG_WARN_BOOL_CONVERSION = YES;
				CLANG_WARN_COMMA = YES;
				CLANG_WARN_CONSTANT_CONVERSION = YES;
				CLANG_WARN_DEPRECATED_OBJC_IMPLEMENTATIONS = YES;
				CLANG_WARN_DIRECT_OBJC_ISA_USAGE = YES_ERROR;
				CLANG_WARN_DOCUMENTATION_COMMENTS = YES;
				CLANG_WARN_EMPTY_BODY = YES;
				CLANG_WARN_ENUM_CONVERSION = YES;
				CLANG_WARN_INFINITE_RECURSION = YES;
				CLANG_WARN_INT_CONVERSION = YES;
				CLANG_WARN_NON_LITERAL_NULL_CONVERSION = YES;
				CLANG_WARN_OBJC_IMPLICIT_RETAIN_SELF = YES;
				CLANG_WARN_OBJC_LITERAL_CONVERSION = YES;
				CLANG_WARN_OBJC_ROOT_CLASS = YES_ERROR;
				CLANG_WARN_QUOTED_INCLUDE_IN_FRAMEWORK_HEADER = YES;
				CLANG_WARN_RANGE_LOOP_ANALYSIS = YES;
				CLANG_WARN_STRICT_PROTOTYPES = YES;
				CLANG_WARN_SUSPICIOUS_MOVE = YES;
				CLANG_WARN_UNGUARDED_AVAILABILITY = YES_AGGRESSIVE;
				CLANG_WARN_UNREACHABLE_CODE = YES;
				CLANG_WARN__DUPLICATE_METHOD_MATCH = YES;
				COPY_PHASE_STRIP = NO;
				DEBUG_INFORMATION_FORMAT = "dwarf-with-dsym";
				ENABLE_NS_ASSERTIONS = NO;
				ENABLE_STRICT_OBJC_MSGSEND = YES;
				ENABLE_USER_SCRIPT_SANDBOXING = YES;
				GCC_C_LANGUAGE_STANDARD = gnu17;
				GCC_NO_COMMON_BLOCKS = YES;
				GCC_WARN_64_TO_32_BIT_CONVERSION = YES;
				GCC_WARN_ABOUT_RETURN_TYPE = YES_ERROR;
				GCC_WARN_UNDECLARED_SELECTOR = YES;
				GCC_WARN_UNINITIALIZED_AUTOS = YES_AGGRESSIVE;
				GCC_WARN_UNUSED_FUNCTION = YES;
				GCC_WARN_UNUSED_VARIABLE = YES;
				IPHONEOS_DEPLOYMENT_TARGET = 18.1;
				LOCALIZATION_PREFERS_STRING_CATALOGS = YES;
				MTL_ENABLE_DEBUG_INFO = NO;
				MTL_FAST_MATH = YES;
				SDKROOT = iphoneos;
				SWIFT_COMPILATION_MODE = wholemodule;
				VALIDATE_PRODUCT = YES;
			};
			name = Release;
		};
		D6793F512CE7BC27006D0ACF /* Debug */ = {
			isa = XCBuildConfiguration;
			buildSettings = {
				BUNDLE_LOADER = "$(TEST_HOST)";
				CODE_SIGN_STYLE = Automatic;
				CURRENT_PROJECT_VERSION = 1;
				DEVELOPMENT_TEAM = 8N2T75UPQQ;
				GENERATE_INFOPLIST_FILE = YES;
				IPHONEOS_DEPLOYMENT_TARGET = 17;
				MARKETING_VERSION = 1.0;
				PRODUCT_BUNDLE_IDENTIFIER = "com.ramjondhale.Stock-PortfolioTests";
				PRODUCT_NAME = "$(TARGET_NAME)";
				SWIFT_EMIT_LOC_STRINGS = NO;
				SWIFT_VERSION = 5.0;
				TARGETED_DEVICE_FAMILY = "1,2";
				TEST_HOST = "$(BUILT_PRODUCTS_DIR)/Stock_Portfolio.app/$(BUNDLE_EXECUTABLE_FOLDER_PATH)/Stock_Portfolio";
			};
			name = Debug;
		};
		D6793F522CE7BC27006D0ACF /* Release */ = {
			isa = XCBuildConfiguration;
			buildSettings = {
				BUNDLE_LOADER = "$(TEST_HOST)";
				CODE_SIGN_STYLE = Automatic;
				CURRENT_PROJECT_VERSION = 1;
				DEVELOPMENT_TEAM = 8N2T75UPQQ;
				GENERATE_INFOPLIST_FILE = YES;
				IPHONEOS_DEPLOYMENT_TARGET = 17;
				MARKETING_VERSION = 1.0;
				PRODUCT_BUNDLE_IDENTIFIER = "com.ramjondhale.Stock-PortfolioTests";
				PRODUCT_NAME = "$(TARGET_NAME)";
				SWIFT_EMIT_LOC_STRINGS = NO;
				SWIFT_VERSION = 5.0;
				TARGETED_DEVICE_FAMILY = "1,2";
				TEST_HOST = "$(BUILT_PRODUCTS_DIR)/Stock_Portfolio.app/$(BUNDLE_EXECUTABLE_FOLDER_PATH)/Stock_Portfolio";
			};
			name = Release;
		};
/* End XCBuildConfiguration section */

/* Begin XCConfigurationList section */
		D6793F1D2CE7BC26006D0ACF /* Build configuration list for PBXProject "Stock_Portfolio" */ = {
			isa = XCConfigurationList;
			buildConfigurations = (
				D6793F4E2CE7BC27006D0ACF /* Debug */,
				D6793F4F2CE7BC27006D0ACF /* Release */,
			);
			defaultConfigurationIsVisible = 0;
			defaultConfigurationName = Release;
		};
		D6793F4B2CE7BC27006D0ACF /* Build configuration list for PBXNativeTarget "Stock_Portfolio" */ = {
			isa = XCConfigurationList;
			buildConfigurations = (
				D6793F4C2CE7BC27006D0ACF /* Debug */,
				D6793F4D2CE7BC27006D0ACF /* Release */,
			);
			defaultConfigurationIsVisible = 0;
			defaultConfigurationName = Release;
		};
		D6793F502CE7BC27006D0ACF /* Build configuration list for PBXNativeTarget "Stock_PortfolioTests" */ = {
			isa = XCConfigurationList;
			buildConfigurations = (
				D6793F512CE7BC27006D0ACF /* Debug */,
				D6793F522CE7BC27006D0ACF /* Release */,
			);
			defaultConfigurationIsVisible = 0;
			defaultConfigurationName = Release;
		};
/* End XCConfigurationList section */
	};
	rootObject = D6793F1A2CE7BC26006D0ACF /* Project object */;
}
