// !$*UTF8*$!
{
	archiveVersion = 1;
	classes = {
	};
	objectVersion = 77;
	objects = {

/* Begin PBXContainerItemProxy section */
		D6793F392CE7BC27006D0ACF /* PBXContainerItemProxy */ = {
			isa = PBXContainerItemProxy;
			containerPortal = D6793F1A2CE7BC26006D0ACF /* Project object */;
			proxyType = 1;
			remoteGlobalIDString = D6793F212CE7BC26006D0ACF;
			remoteInfo = "Stock Portfolio";
		};
		D6793F432CE7BC27006D0ACF /* PBXContainerItemProxy */ = {
			isa = PBXContainerItemProxy;
			containerPortal = D6793F1A2CE7BC26006D0ACF /* Project object */;
			proxyType = 1;
			remoteGlobalIDString = D6793F212CE7BC26006D0ACF;
			remoteInfo = "Stock Portfolio";
		};
/* End PBXContainerItemProxy section */

/* Begin PBXFileReference section */
		D6793F222CE7BC26006D0ACF /* Stock Portfolio.app */ = {isa = PBXFileReference; explicitFileType = wrapper.application; includeInIndex = 0; path = "Stock Portfolio.app"; sourceTree = BUILT_PRODUCTS_DIR; };
		D6793F382CE7BC27006D0ACF /* Stock PortfolioTests.xctest */ = {isa = PBXFileReference; explicitFileType = wrapper.cfbundle; includeInIndex = 0; path = "Stock PortfolioTests.xctest"; sourceTree = BUILT_PRODUCTS_DIR; };
		D6793F422CE7BC27006D0ACF /* Stock PortfolioUITests.xctest */ = {isa = PBXFileReference; explicitFileType = wrapper.cfbundle; includeInIndex = 0; path = "Stock PortfolioUITests.xctest"; sourceTree = BUILT_PRODUCTS_DIR; };
/* End PBXFileReference section */

/* Begin PBXFileSystemSynchronizedBuildFileExceptionSet section */
		D6793F4A2CE7BC27006D0ACF /* Exceptions for "Stock Portfolio" folder in "Stock Portfolio" target */ = {
			isa = PBXFileSystemSynchronizedBuildFileExceptionSet;
			membershipExceptions = (
				Info.plist,
			);
			target = D6793F212CE7BC26006D0ACF /* Stock Portfolio */;
		};
/* End PBXFileSystemSynchronizedBuildFileExceptionSet section */

/* Begin PBXFileSystemSynchronizedRootGroup section */
		D6793F242CE7BC26006D0ACF /* Stock Portfolio */ = {
			isa = PBXFileSystemSynchronizedRootGroup;
			exceptions = (
				D6793F4A2CE7BC27006D0ACF /* Exceptions for "Stock Portfolio" folder in "Stock Portfolio" target */,
			);
			path = "Stock Portfolio";
			sourceTree = "<group>";
		};
		D6793F3B2CE7BC27006D0ACF /* Stock PortfolioTests */ = {
			isa = PBXFileSystemSynchronizedRootGroup;
			path = "Stock PortfolioTests";
			sourceTree = "<group>";
		};
		D6793F452CE7BC27006D0ACF /* Stock PortfolioUITests */ = {
			isa = PBXFileSystemSynchronizedRootGroup;
			path = "Stock PortfolioUITests";
			sourceTree = "<group>";
		};
/* End PBXFileSystemSynchronizedRootGroup section */

/* Begin PBXFrameworksBuildPhase section */
		D6793F1F2CE7BC26006D0ACF /* Frameworks */ = {
			isa = PBXFrameworksBuildPhase;
			buildActionMask = 2147483647;
			files = (
			);
			runOnlyForDeploymentPostprocessing = 0;
		};
		D6793F352CE7BC27006D0ACF /* Frameworks */ = {
			isa = PBXFrameworksBuildPhase;
			buildActionMask = 2147483647;
			files = (
			);
			runOnlyForDeploymentPostprocessing = 0;
		};
		D6793F3F2CE7BC27006D0ACF /* Frameworks */ = {
			isa = PBXFrameworksBuildPhase;
			buildActionMask = 2147483647;
			files = (
			);
			runOnlyForDeploymentPostprocessing = 0;
		};
/* End PBXFrameworksBuildPhase section */

/* Begin PBXGroup section */
		D6793F192CE7BC26006D0ACF = {
			isa = PBXGroup;
			children = (
				D6793F242CE7BC26006D0ACF /* Stock Portfolio */,
				D6793F3B2CE7BC27006D0ACF /* Stock PortfolioTests */,
				D6793F452CE7BC27006D0ACF /* Stock PortfolioUITests */,
				D6793F232CE7BC26006D0ACF /* Products */,
			);
			sourceTree = "<group>";
		};
		D6793F232CE7BC26006D0ACF /* Products */ = {
			isa = PBXGroup;
			children = (
				D6793F222CE7BC26006D0ACF /* Stock Portfolio.app */,
				D6793F382CE7BC27006D0ACF /* Stock PortfolioTests.xctest */,
				D6793F422CE7BC27006D0ACF /* Stock PortfolioUITests.xctest */,
			);
			name = Products;
			sourceTree = "<group>";
		};
/* End PBXGroup section */

/* Begin PBXNativeTarget section */
		D6793F212CE7BC26006D0ACF /* Stock Portfolio */ = {
			isa = PBXNativeTarget;
			buildConfigurationList = D6793F4B2CE7BC27006D0ACF /* Build configuration list for PBXNativeTarget "Stock Portfolio" */;
			buildPhases = (
				D6793F1E2CE7BC26006D0ACF /* Sources */,
				D6793F1F2CE7BC26006D0ACF /* Frameworks */,
				D6793F202CE7BC26006D0ACF /* Resources */,
			);
			buildRules = (
			);
			dependencies = (
			);
			fileSystemSynchronizedGroups = (
				D6793F242CE7BC26006D0ACF /* Stock Portfolio */,
			);
			name = "Stock Portfolio";
			packageProductDependencies = (
			);
			productName = "Stock Portfolio";
			productReference = D6793F222CE7BC26006D0ACF /* Stock Portfolio.app */;
			productType = "com.apple.product-type.application";
		};
		D6793F372CE7BC27006D0ACF /* Stock PortfolioTests */ = {
			isa = PBXNativeTarget;
			buildConfigurationList = D6793F502CE7BC27006D0ACF /* Build configuration list for PBXNativeTarget "Stock PortfolioTests" */;
			buildPhases = (
				D6793F342CE7BC27006D0ACF /* Sources */,
				D6793F352CE7BC27006D0ACF /* Frameworks */,
				D6793F362CE7BC27006D0ACF /* Resources */,
			);
			buildRules = (
			);
			dependencies = (
				D6793F3A2CE7BC27006D0ACF /* PBXTargetDependency */,
			);
			fileSystemSynchronizedGroups = (
				D6793F3B2CE7BC27006D0ACF /* Stock PortfolioTests */,
			);
			name = "Stock PortfolioTests";
			packageProductDependencies = (
			);
			productName = "Stock PortfolioTests";
			productReference = D6793F382CE7BC27006D0ACF /* Stock PortfolioTests.xctest */;
			productType = "com.apple.product-type.bundle.unit-test";
		};
		D6793F412CE7BC27006D0ACF /* Stock PortfolioUITests */ = {
			isa = PBXNativeTarget;
			buildConfigurationList = D6793F532CE7BC27006D0ACF /* Build configuration list for PBXNativeTarget "Stock PortfolioUITests" */;
			buildPhases = (
				D6793F3E2CE7BC27006D0ACF /* Sources */,
				D6793F3F2CE7BC27006D0ACF /* Frameworks */,
				D6793F402CE7BC27006D0ACF /* Resources */,
			);
			buildRules = (
			);
			dependencies = (
				D6793F442CE7BC27006D0ACF /* PBXTargetDependency */,
			);
			fileSystemSynchronizedGroups = (
				D6793F452CE7BC27006D0ACF /* Stock PortfolioUITests */,
			);
			name = "Stock PortfolioUITests";
			packageProductDependencies = (
			);
			productName = "Stock PortfolioUITests";
			productReference = D6793F422CE7BC27006D0ACF /* Stock PortfolioUITests.xctest */;
			productType = "com.apple.product-type.bundle.ui-testing";
		};
/* End PBXNativeTarget section */

/* Begin PBXProject section */
		D6793F1A2CE7BC26006D0ACF /* Project object */ = {
			isa = PBXProject;
			attributes = {
				BuildIndependentTargetsInParallel = 1;
				LastSwiftUpdateCheck = 1610;
				LastUpgradeCheck = 1610;
				TargetAttributes = {
					D6793F212CE7BC26006D0ACF = {
						CreatedOnToolsVersion = 16.1;
					};
					D6793F372CE7BC27006D0ACF = {
						CreatedOnToolsVersion = 16.1;
						TestTargetID = D6793F212CE7BC26006D0ACF;
					};
					D6793F412CE7BC27006D0ACF = {
						CreatedOnToolsVersion = 16.1;
						TestTargetID = D6793F212CE7BC26006D0ACF;
					};
				};
			};
			buildConfigurationList = D6793F1D2CE7BC26006D0ACF /* Build configuration list for PBXProject "Stock Portfolio" */;
			developmentRegion = en;
			hasScannedForEncodings = 0;
			knownRegions = (
				en,
				Base,
			);
			mainGroup = D6793F192CE7BC26006D0ACF;
			minimizedProjectReferenceProxies = 1;
			preferredProjectObjectVersion = 77;
			productRefGroup = D6793F232CE7BC26006D0ACF /* Products */;
			projectDirPath = "";
			projectRoot = "";
			targets = (
				D6793F212CE7BC26006D0ACF /* Stock Portfolio */,
				D6793F372CE7BC27006D0ACF /* Stock PortfolioTests */,
				D6793F412CE7BC27006D0ACF /* Stock PortfolioUITests */,
			);
		};
/* End PBXProject section */

/* Begin PBXResourcesBuildPhase section */
		D6793F202CE7BC26006D0ACF /* Resources */ = {
			isa = PBXResourcesBuildPhase;
			buildActionMask = 2147483647;
			files = (
			);
			runOnlyForDeploymentPostprocessing = 0;
		};
		D6793F362CE7BC27006D0ACF /* Resources */ = {
			isa = PBXResourcesBuildPhase;
			buildActionMask = 2147483647;
			files = (
			);
			runOnlyForDeploymentPostprocessing = 0;
		};
		D6793F402CE7BC27006D0ACF /* Resources */ = {
			isa = PBXResourcesBuildPhase;
			buildActionMask = 2147483647;
			files = (
			);
			runOnlyForDeploymentPostprocessing = 0;
		};
/* End PBXResourcesBuildPhase section */

/* Begin PBXSourcesBuildPhase section */
		D6793F1E2CE7BC26006D0ACF /* Sources */ = {
			isa = PBXSourcesBuildPhase;
			buildActionMask = 2147483647;
			files = (
			);
			runOnlyForDeploymentPostprocessing = 0;
		};
		D6793F342CE7BC27006D0ACF /* Sources */ = {
			isa = PBXSourcesBuildPhase;
			buildActionMask = 2147483647;
			files = (
			);
			runOnlyForDeploymentPostprocessing = 0;
		};
		D6793F3E2CE7BC27006D0ACF /* Sources */ = {
			isa = PBXSourcesBuildPhase;
			buildActionMask = 2147483647;
			files = (
			);
			runOnlyForDeploymentPostprocessing = 0;
		};
/* End PBXSourcesBuildPhase section */

/* Begin PBXTargetDependency section */
		D6793F3A2CE7BC27006D0ACF /* PBXTargetDependency */ = {
			isa = PBXTargetDependency;
			target = D6793F212CE7BC26006D0ACF /* Stock Portfolio */;
			targetProxy = D6793F392CE7BC27006D0ACF /* PBXContainerItemProxy */;
		};
		D6793F442CE7BC27006D0ACF /* PBXTargetDependency */ = {
			isa = PBXTargetDependency;
			target = D6793F212CE7BC26006D0ACF /* Stock Portfolio */;
			targetProxy = D6793F432CE7BC27006D0ACF /* PBXContainerItemProxy */;
		};
/* End PBXTargetDependency section */

/* Begin XCBuildConfiguration section */
		D6793F4C2CE7BC27006D0ACF /* Debug */ = {
			isa = XCBuildConfiguration;
			buildSettings = {
				ASSETCATALOG_COMPILER_APPICON_NAME = AppIcon;
				ASSETCATALOG_COMPILER_GLOBAL_ACCENT_COLOR_NAME = AccentColor;
				CODE_SIGN_STYLE = Automatic;
				CURRENT_PROJECT_VERSION = 1;
				DEVELOPMENT_TEAM = 8N2T75UPQQ;
				GENERATE_INFOPLIST_FILE = YES;
				INFOPLIST_FILE = "Stock Portfolio/Info.plist";
				INFOPLIST_KEY_CFBundleDisplayName = "Stock Portfolio";
				INFOPLIST_KEY_LSApplicationCategoryType = "public.app-category.finance";
				INFOPLIST_KEY_UIApplicationSupportsIndirectInputEvents = YES;
				INFOPLIST_KEY_UILaunchStoryboardName = LaunchScreen;
				INFOPLIST_KEY_UISupportedInterfaceOrientations_iPad = "UIInterfaceOrientationPortrait UIInterfaceOrientationPortraitUpsideDown UIInterfaceOrientationLandscapeLeft UIInterfaceOrientationLandscapeRight";
				INFOPLIST_KEY_UISupportedInterfaceOrientations_iPhone = "UIInterfaceOrientationPortrait UIInterfaceOrientationLandscapeLeft UIInterfaceOrientationLandscapeRight";
				IPHONEOS_DEPLOYMENT_TARGET = 17;
				LD_RUNPATH_SEARCH_PATHS = (
					"$(inherited)",
					"@executable_path/Frameworks",
				);
				MARKETING_VERSION = 1.0;
				PRODUCT_BUNDLE_IDENTIFIER = "com.ramjondhale.Stock-Portfolio";
				PRODUCT_NAME = "$(TARGET_NAME)";
				SWIFT_EMIT_LOC_STRINGS = YES;
				SWIFT_VERSION = 5.0;
				TARGETED_DEVICE_FAMILY = "1,2";
			};
			name = Debug;
		};
		D6793F4D2CE7BC27006D0ACF /* Release */ = {
			isa = XCBuildConfiguration;
			buildSettings = {
				ASSETCATALOG_COMPILER_APPICON_NAME = AppIcon;
				ASSETCATALOG_COMPILER_GLOBAL_ACCENT_COLOR_NAME = AccentColor;
				CODE_SIGN_STYLE = Automatic;
				CURRENT_PROJECT_VERSION = 1;
				DEVELOPMENT_TEAM = 8N2T75UPQQ;
				GENERATE_INFOPLIST_FILE = YES;
				INFOPLIST_FILE = "Stock Portfolio/Info.plist";
				INFOPLIST_KEY_CFBundleDisplayName = "Stock Portfolio";
				INFOPLIST_KEY_LSApplicationCategoryType = "public.app-category.finance";
				INFOPLIST_KEY_UIApplicationSupportsIndirectInputEvents = YES;
				INFOPLIST_KEY_UILaunchStoryboardName = LaunchScreen;
				INFOPLIST_KEY_UISupportedInterfaceOrientations_iPad = "UIInterfaceOrientationPortrait UIInterfaceOrientationPortraitUpsideDown UIInterfaceOrientationLandscapeLeft UIInterfaceOrientationLandscapeRight";
				INFOPLIST_KEY_UISupportedInterfaceOrientations_iPhone = "UIInterfaceOrientationPortrait UIInterfaceOrientationLandscapeLeft UIInterfaceOrientationLandscapeRight";
				IPHONEOS_DEPLOYMENT_TARGET = 17;
				LD_RUNPATH_SEARCH_PATHS = (
					"$(inherited)",
					"@executable_path/Frameworks",
				);
				MARKETING_VERSION = 1.0;
				PRODUCT_BUNDLE_IDENTIFIER = "com.ramjondhale.Stock-Portfolio";
				PRODUCT_NAME = "$(TARGET_NAME)";
				SWIFT_EMIT_LOC_STRINGS = YES;
				SWIFT_VERSION = 5.0;
				TARGETED_DEVICE_FAMILY = "1,2";
			};
			name = Release;
		};
		D6793F4E2CE7BC27006D0ACF /* Debug */ = {
			isa = XCBuildConfiguration;
			buildSettings = {
				ALWAYS_SEARCH_USER_PATHS = NO;
				ASSETCATALOG_COMPILER_GENERATE_SWIFT_ASSET_SYMBOL_EXTENSIONS = YES;
				CLANG_ANALYZER_NONNULL = YES;
				CLANG_ANALYZER_NUMBER_OBJECT_CONVERSION = YES_AGGRESSIVE;
				CLANG_CXX_LANGUAGE_STANDARD = "gnu++20";
				CLANG_ENABLE_MODULES = YES;
				CLANG_ENABLE_OBJC_ARC = YES;
				CLANG_ENABLE_OBJC_WEAK = YES;
				CLANG_WARN_BLOCK_CAPTURE_AUTORELEASING = YES;
				CLANG_WARN_BOOL_CONVERSION = YES;
				CLANG_WARN_COMMA = YES;
				CLANG_WARN_CONSTANT_CONVERSION = YES;
				CLANG_WARN_DEPRECATED_OBJC_IMPLEMENTATIONS = YES;
				CLANG_WARN_DIRECT_OBJC_ISA_USAGE = YES_ERROR;
				CLANG_WARN_DOCUMENTATION_COMMENTS = YES;
				CLANG_WARN_EMPTY_BODY = YES;
				CLANG_WARN_ENUM_CONVERSION = YES;
				CLANG_WARN_INFINITE_RECURSION = YES;
				CLANG_WARN_INT_CONVERSION = YES;
				CLANG_WARN_NON_LITERAL_NULL_CONVERSION = YES;
				CLANG_WARN_OBJC_IMPLICIT_RETAIN_SELF = YES;
				CLANG_WARN_OBJC_LITERAL_CONVERSION = YES;
				CLANG_WARN_OBJC_ROOT_CLASS = YES_ERROR;
				CLANG_WARN_QUOTED_INCLUDE_IN_FRAMEWORK_HEADER = YES;
				CLANG_WARN_RANGE_LOOP_ANALYSIS = YES;
				CLANG_WARN_STRICT_PROTOTYPES = YES;
				CLANG_WARN_SUSPICIOUS_MOVE = YES;
				CLANG_WARN_UNGUARDED_AVAILABILITY = YES_AGGRESSIVE;
				CLANG_WARN_UNREACHABLE_CODE = YES;
				CLANG_WARN__DUPLICATE_METHOD_MATCH = YES;
				COPY_PHASE_STRIP = NO;
				DEBUG_INFORMATION_FORMAT = dwarf;
				ENABLE_STRICT_OBJC_MSGSEND = YES;
				ENABLE_TESTABILITY = YES;
				ENABLE_USER_SCRIPT_SANDBOXING = YES;
				GCC_C_LANGUAGE_STANDARD = gnu17;
				GCC_DYNAMIC_NO_PIC = NO;
				GCC_NO_COMMON_BLOCKS = YES;
				GCC_OPTIMIZATION_LEVEL = 0;
				GCC_PREPROCESSOR_DEFINITIONS = (
					"DEBUG=1",
					"$(inherited)",
				);
				GCC_WARN_64_TO_32_BIT_CONVERSION = YES;
				GCC_WARN_ABOUT_RETURN_TYPE = YES_ERROR;
				GCC_WARN_UNDECLARED_SELECTOR = YES;
				GCC_WARN_UNINITIALIZED_AUTOS = YES_AGGRESSIVE;
				GCC_WARN_UNUSED_FUNCTION = YES;
				GCC_WARN_UNUSED_VARIABLE = YES;
				IPHONEOS_DEPLOYMENT_TARGET = 18.1;
				LOCALIZATION_PREFERS_STRING_CATALOGS = YES;
				MTL_ENABLE_DEBUG_INFO = INCLUDE_SOURCE;
				MTL_FAST_MATH = YES;
				ONLY_ACTIVE_ARCH = YES;
				SDKROOT = iphoneos;
				SWIFT_ACTIVE_COMPILATION_CONDITIONS = "DEBUG $(inherited)";
				SWIFT_OPTIMIZATION_LEVEL = "-Onone";
			};
			name = Debug;
		};
		D6793F4F2CE7BC27006D0ACF /* Release */ = {
			isa = XCBuildConfiguration;
			buildSettings = {
				ALWAYS_SEARCH_USER_PATHS = NO;
				ASSETCATALOG_COMPILER_GENERATE_SWIFT_ASSET_SYMBOL_EXTENSIONS = YES;
				CLANG_ANALYZER_NONNULL = YES;
				CLANG_ANALYZER_NUMBER_OBJECT_CONVERSION = YES_AGGRESSIVE;
				CLANG_CXX_LANGUAGE_STANDARD = "gnu++20";
				CLANG_ENABLE_MODULES = YES;
				CLANG_ENABLE_OBJC_ARC = YES;
				CLANG_ENABLE_OBJC_WEAK = YES;
				CLANG_WARN_BLOCK_CAPTURE_AUTORELEASING = YES;
				CLANG_WARN_BOOL_CONVERSION = YES;
				CLANG_WARN_COMMA = YES;
				CLANG_WARN_CONSTANT_CONVERSION = YES;
				CLANG_WARN_DEPRECATED_OBJC_IMPLEMENTATIONS = YES;
				CLANG_WARN_DIRECT_OBJC_ISA_USAGE = YES_ERROR;
				CLANG_WARN_DOCUMENTATION_COMMENTS = YES;
				CLANG_WARN_EMPTY_BODY = YES;
				CLANG_WARN_ENUM_CONVERSION = YES;
				CLANG_WARN_INFINITE_RECURSION = YES;
				CLANG_WARN_INT_CONVERSION = YES;
				CLANG_WARN_NON_LITERAL_NULL_CONVERSION = YES;
				CLANG_WARN_OBJC_IMPLICIT_RETAIN_SELF = YES;
				CLANG_WARN_OBJC_LITERAL_CONVERSION = YES;
				CLANG_WARN_OBJC_ROOT_CLASS = YES_ERROR;
				CLANG_WARN_QUOTED_INCLUDE_IN_FRAMEWORK_HEADER = YES;
				CLANG_WARN_RANGE_LOOP_ANALYSIS = YES;
				CLANG_WARN_STRICT_PROTOTYPES = YES;
				CLANG_WARN_SUSPICIOUS_MOVE = YES;
				CLANG_WARN_UNGUARDED_AVAILABILITY = YES_AGGRESSIVE;
				CLANG_WARN_UNREACHABLE_CODE = YES;
				CLANG_WARN__DUPLICATE_METHOD_MATCH = YES;
				COPY_PHASE_STRIP = NO;
				DEBUG_INFORMATION_FORMAT = "dwarf-with-dsym";
				ENABLE_NS_ASSERTIONS = NO;
				ENABLE_STRICT_OBJC_MSGSEND = YES;
				ENABLE_USER_SCRIPT_SANDBOXING = YES;
				GCC_C_LANGUAGE_STANDARD = gnu17;
				GCC_NO_COMMON_BLOCKS = YES;
				GCC_WARN_64_TO_32_BIT_CONVERSION = YES;
				GCC_WARN_ABOUT_RETURN_TYPE = YES_ERROR;
				GCC_WARN_UNDECLARED_SELECTOR = YES;
				GCC_WARN_UNINITIALIZED_AUTOS = YES_AGGRESSIVE;
				GCC_WARN_UNUSED_FUNCTION = YES;
				GCC_WARN_UNUSED_VARIABLE = YES;
				IPHONEOS_DEPLOYMENT_TARGET = 18.1;
				LOCALIZATION_PREFERS_STRING_CATALOGS = YES;
				MTL_ENABLE_DEBUG_INFO = NO;
				MTL_FAST_MATH = YES;
				SDKROOT = iphoneos;
				SWIFT_COMPILATION_MODE = wholemodule;
				VALIDATE_PRODUCT = YES;
			};
			name = Release;
		};
		D6793F512CE7BC27006D0ACF /* Debug */ = {
			isa = XCBuildConfiguration;
			buildSettings = {
				BUNDLE_LOADER = "$(TEST_HOST)";
				CODE_SIGN_STYLE = Automatic;
				CURRENT_PROJECT_VERSION = 1;
				DEVELOPMENT_TEAM = 8N2T75UPQQ;
				GENERATE_INFOPLIST_FILE = YES;
				IPHONEOS_DEPLOYMENT_TARGET = 18.1;
				MARKETING_VERSION = 1.0;
				PRODUCT_BUNDLE_IDENTIFIER = "com.ramjondhale.Stock-PortfolioTests";
				PRODUCT_NAME = "$(TARGET_NAME)";
				SWIFT_EMIT_LOC_STRINGS = NO;
				SWIFT_VERSION = 5.0;
				TARGETED_DEVICE_FAMILY = "1,2";
				TEST_HOST = "$(BUILT_PRODUCTS_DIR)/Stock Portfolio.app/$(BUNDLE_EXECUTABLE_FOLDER_PATH)/Stock Portfolio";
			};
			name = Debug;
		};
		D6793F522CE7BC27006D0ACF /* Release */ = {
			isa = XCBuildConfiguration;
			buildSettings = {
				BUNDLE_LOADER = "$(TEST_HOST)";
				CODE_SIGN_STYLE = Automatic;
				CURRENT_PROJECT_VERSION = 1;
				DEVELOPMENT_TEAM = 8N2T75UPQQ;
				GENERATE_INFOPLIST_FILE = YES;
				IPHONEOS_DEPLOYMENT_TARGET = 18.1;
				MARKETING_VERSION = 1.0;
				PRODUCT_BUNDLE_IDENTIFIER = "com.ramjondhale.Stock-PortfolioTests";
				PRODUCT_NAME = "$(TARGET_NAME)";
				SWIFT_EMIT_LOC_STRINGS = NO;
				SWIFT_VERSION = 5.0;
				TARGETED_DEVICE_FAMILY = "1,2";
				TEST_HOST = "$(BUILT_PRODUCTS_DIR)/Stock Portfolio.app/$(BUNDLE_EXECUTABLE_FOLDER_PATH)/Stock Portfolio";
			};
			name = Release;
		};
		D6793F542CE7BC27006D0ACF /* Debug */ = {
			isa = XCBuildConfiguration;
			buildSettings = {
				CODE_SIGN_STYLE = Automatic;
				CURRENT_PROJECT_VERSION = 1;
				DEVELOPMENT_TEAM = 8N2T75UPQQ;
				GENERATE_INFOPLIST_FILE = YES;
				MARKETING_VERSION = 1.0;
				PRODUCT_BUNDLE_IDENTIFIER = "com.ramjondhale.Stock-PortfolioUITests";
				PRODUCT_NAME = "$(TARGET_NAME)";
				SWIFT_EMIT_LOC_STRINGS = NO;
				SWIFT_VERSION = 5.0;
				TARGETED_DEVICE_FAMILY = "1,2";
				TEST_TARGET_NAME = "Stock Portfolio";
			};
			name = Debug;
		};
		D6793F552CE7BC27006D0ACF /* Release */ = {
			isa = XCBuildConfiguration;
			buildSettings = {
				CODE_SIGN_STYLE = Automatic;
				CURRENT_PROJECT_VERSION = 1;
				DEVELOPMENT_TEAM = 8N2T75UPQQ;
				GENERATE_INFOPLIST_FILE = YES;
				MARKETING_VERSION = 1.0;
				PRODUCT_BUNDLE_IDENTIFIER = "com.ramjondhale.Stock-PortfolioUITests";
				PRODUCT_NAME = "$(TARGET_NAME)";
				SWIFT_EMIT_LOC_STRINGS = NO;
				SWIFT_VERSION = 5.0;
				TARGETED_DEVICE_FAMILY = "1,2";
				TEST_TARGET_NAME = "Stock Portfolio";
			};
			name = Release;
		};
/* End XCBuildConfiguration section */

/* Begin XCConfigurationList section */
		D6793F1D2CE7BC26006D0ACF /* Build configuration list for PBXProject "Stock Portfolio" */ = {
			isa = XCConfigurationList;
			buildConfigurations = (
				D6793F4E2CE7BC27006D0ACF /* Debug */,
				D6793F4F2CE7BC27006D0ACF /* Release */,
			);
			defaultConfigurationIsVisible = 0;
			defaultConfigurationName = Release;
		};
		D6793F4B2CE7BC27006D0ACF /* Build configuration list for PBXNativeTarget "Stock Portfolio" */ = {
			isa = XCConfigurationList;
			buildConfigurations = (
				D6793F4C2CE7BC27006D0ACF /* Debug */,
				D6793F4D2CE7BC27006D0ACF /* Release */,
			);
			defaultConfigurationIsVisible = 0;
			defaultConfigurationName = Release;
		};
		D6793F502CE7BC27006D0ACF /* Build configuration list for PBXNativeTarget "Stock PortfolioTests" */ = {
			isa = XCConfigurationList;
			buildConfigurations = (
				D6793F512CE7BC27006D0ACF /* Debug */,
				D6793F522CE7BC27006D0ACF /* Release */,
			);
			defaultConfigurationIsVisible = 0;
			defaultConfigurationName = Release;
		};
		D6793F532CE7BC27006D0ACF /* Build configuration list for PBXNativeTarget "Stock PortfolioUITests" */ = {
			isa = XCConfigurationList;
			buildConfigurations = (
				D6793F542CE7BC27006D0ACF /* Debug */,
				D6793F552CE7BC27006D0ACF /* Release */,
			);
			defaultConfigurationIsVisible = 0;
			defaultConfigurationName = Release;
		};
/* End XCConfigurationList section */
	};
	rootObject = D6793F1A2CE7BC26006D0ACF /* Project object */;
}
